<?xml version="1.0" encoding="utf-8"?>
<Project ToolsVersion="4.0" xmlns="http://schemas.microsoft.com/developer/msbuild/2003">
  <ItemGroup>
    <Filter Include="Source Files">
      <UniqueIdentifier>{6fc79c03-ea5e-40d7-be33-190401231148}</UniqueIdentifier>
      <Extensions>cpp;c;cxx;def;odl;idl;hpj;bat;asm</Extensions>
    </Filter>
    <Filter Include="Header Files">
      <UniqueIdentifier>{4790a239-2e6b-4c60-9ccc-7bf3622c2693}</UniqueIdentifier>
      <Extensions>h;hpp;hxx;hm;inl;inc</Extensions>
    </Filter>
    <Filter Include="Resource Files">
      <UniqueIdentifier>{02b9ca44-74e4-47db-8666-feaceb5f27a8}</UniqueIdentifier>
      <Extensions>rc;ico;cur;bmp;dlg;rc2;rct;bin;rgs;gif;jpg;jpeg;jpe</Extensions>
    </Filter>
  </ItemGroup>
  <ItemGroup>
    <ClCompile Include="FieldIntegrated.cpp">
      <Filter>Source Files</Filter>
    </ClCompile>
    <ClCompile Include="TmcRTH_BolckList.cpp">
      <Filter>Source Files</Filter>
    </ClCompile>
    <ClCompile Include="TmcRTH_Indan.cpp">
      <Filter>Source Files</Filter>
    </ClCompile>
    <ClCompile Include="TmcRTH_IndanOutput.cpp">
      <Filter>Source Files</Filter>
    </ClCompile>
    <ClCompile Include="TmcRTH_IndanParam.cpp">
      <Filter>Source Files</Filter>
    </ClCompile>
    <ClCompile Include="TmcRTH_IndanTopology.cpp">
      <Filter>Source Files</Filter>
    </ClCompile>
    <ClCompile Include="TmcRTH_Input.cpp">
      <Filter>Source Files</Filter>
    </ClCompile>
    <ClCompile Include="TmcRTH_InputNode.cpp">
      <Filter>Source Files</Filter>
    </ClCompile>
  </ItemGroup>
  <ItemGroup>
    <ClInclude Include="..\..\INCLUDE\FieldIntegrated.h">
      <Filter>Header Files</Filter>
    </ClInclude>
    <ClInclude Include="..\..\INCLUDE\TmcRTH_BolckList.h">
      <Filter>Header Files</Filter>
    </ClInclude>
    <ClInclude Include="..\..\INCLUDE\TmcRTH_Indan.h">
      <Filter>Header Files</Filter>
    </ClInclude>
    <ClInclude Include="..\..\INCLUDE\TmcRTH_IndanOutput.h">
      <Filter>Header Files</Filter>
    </ClInclude>
    <ClInclude Include="..\..\INCLUDE\TmcRTH_IndanParam.h">
      <Filter>Header Files</Filter>
    </ClInclude>
    <ClInclude Include="..\..\INCLUDE\TmcRTH_IndanTopology.h">
      <Filter>Header Files</Filter>
    </ClInclude>
    <ClInclude Include="..\..\INCLUDE\TmcRTH_Input.h">
      <Filter>Header Files</Filter>
    </ClInclude>
    <ClInclude Include="..\..\INCLUDE\TmcRTH_InputNode.h">
      <Filter>Header Files</Filter>
    </ClInclude>
  </ItemGroup>
  <ItemGroup>
    <None Include="ReadMe.txt" />
  </ItemGroup>
</Project>