Microsoft Visual Studio Solution File, Format Version 10.00
# Visual Studio 2008
Project("{8BC9CEB8-8B4A-11D0-8D11-00A0C91BC942}") = "TMCIndan", "TMCIndan.vcproj", "{6B367E48-A04A-4C50-B6CD-C4E4A18A2703}"
EndProject
Global
	GlobalSection(SolutionConfigurationPlatforms) = preSolution
		Debug|Win32 = Debug|Win32
		Release|Win32 = Release|Win32
	EndGlobalSection
	GlobalSection(ProjectConfigurationPlatforms) = postSolution
		{6B367E48-A04A-4C50-B6CD-C4E4A18A2703}.Debug|Win32.ActiveCfg = Debug|Win32
		{6B367E48-A04A-4C50-B6CD-C4E4A18A2703}.Debug|Win32.Build.0 = Debug|Win32
		{6B367E48-A04A-4C50-B6CD-C4E4A18A2703}.Release|Win32.ActiveCfg = Release|Win32
		{6B367E48-A04A-4C50-B6CD-C4E4A18A2703}.Release|Win32.Build.0 = Release|Win32
	EndGlobalSection
	GlobalSection(SolutionProperties) = preSolution
		HideSolutionNode = FALSE
	EndGlobalSection
EndGlobal
