<?xml version="1.0" encoding="utf-8"?>
<Project ToolsVersion="4.0" xmlns="http://schemas.microsoft.com/developer/msbuild/2003">
  <ItemGroup>
    <Filter Include="Source Files">
      <UniqueIdentifier>{5df82c72-9183-4b57-ba45-245f91fa539e}</UniqueIdentifier>
      <Extensions>cpp;c;cxx;rc;def;r;odl;idl;hpj;bat</Extensions>
    </Filter>
    <Filter Include="Header Files">
      <UniqueIdentifier>{bf80d775-2ef0-4aca-9047-98df66353d6e}</UniqueIdentifier>
      <Extensions>h;hpp;hxx;hm;inl</Extensions>
    </Filter>
  </ItemGroup>
  <ItemGroup>
    <ClCompile Include="Errors.cpp">
      <Filter>Source Files</Filter>
    </ClCompile>
    <ClCompile Include="Frqdata.cpp">
      <Filter>Source Files</Filter>
    </ClCompile>
    <ClCompile Include="Read_s.cpp">
      <Filter>Source Files</Filter>
    </ClCompile>
    <ClCompile Include="S_file.cpp">
      <Filter>Source Files</Filter>
    </ClCompile>
    <ClCompile Include="S_memf.cpp">
      <Filter>Source Files</Filter>
    </ClCompile>
    <ClCompile Include="S_remt.cpp">
      <Filter>Source Files</Filter>
    </ClCompile>
    <ClCompile Include="S_table.cpp">
      <Filter>Source Files</Filter>
    </ClCompile>
    <ClCompile Include="S_wemt.cpp">
      <Filter>Source Files</Filter>
    </ClCompile>
    <ClCompile Include="Sadd.cpp">
      <Filter>Source Files</Filter>
    </ClCompile>
    <ClCompile Include="Sofftbl.cpp">
      <Filter>Source Files</Filter>
    </ClCompile>
    <ClCompile Include="Unite_s.cpp">
      <Filter>Source Files</Filter>
    </ClCompile>
    <ClCompile Include="Write_s.cpp">
      <Filter>Source Files</Filter>
    </ClCompile>
    <ClCompile Include="Wrrd_s.cpp">
      <Filter>Source Files</Filter>
    </ClCompile>
  </ItemGroup>
  <ItemGroup>
    <ClInclude Include="..\..\..\Tmc\Source\Tamic\Post_pro\Thresh.h">
      <Filter>Header Files</Filter>
    </ClInclude>
  </ItemGroup>
</Project>