<?xml version="1.0" encoding="utf-8"?>
<Project ToolsVersion="4.0" xmlns="http://schemas.microsoft.com/developer/msbuild/2003">
  <ItemGroup>
    <Filter Include="Source Files">
      <UniqueIdentifier>{b1c2a042-b262-4e77-9827-b44b73559423}</UniqueIdentifier>
      <Extensions>cpp;c;cxx;rc;def;r;odl;idl;hpj;bat</Extensions>
    </Filter>
    <Filter Include="Header Files">
      <UniqueIdentifier>{317b38cc-ad97-4917-ac5a-2e16b4a396f8}</UniqueIdentifier>
      <Extensions>h;hpp;hxx;hm;inl</Extensions>
    </Filter>
  </ItemGroup>
  <ItemGroup>
    <ClCompile Include="..\Expr\Expr_com.cpp">
      <Filter>Source Files</Filter>
    </ClCompile>
    <ClCompile Include="..\Expr\Expr_err.cpp">
      <Filter>Source Files</Filter>
    </ClCompile>
    <ClCompile Include="..\Expr\Expr_in1.cpp">
      <Filter>Source Files</Filter>
    </ClCompile>
    <ClCompile Include="..\Expr\Expr_per.cpp">
      <Filter>Source Files</Filter>
    </ClCompile>
    <ClCompile Include="..\Expr\Expremsg.cpp">
      <Filter>Source Files</Filter>
    </ClCompile>
    <ClCompile Include="..\Expr\Get_err.cpp">
      <Filter>Source Files</Filter>
    </ClCompile>
    <ClCompile Include="..\Inter\Inte_in1.cpp">
      <Filter>Source Files</Filter>
    </ClCompile>
    <ClCompile Include="..\Inter\Inte_ope.cpp">
      <Filter>Source Files</Filter>
    </ClCompile>
    <ClCompile Include="..\Inter\Inte_val.cpp">
      <Filter>Source Files</Filter>
    </ClCompile>
  </ItemGroup>
</Project>